
Microsoft Visual Studio Solution File, Format Version 12.00
# Visual Studio Version 16
VisualStudioVersion = 16.0.31112.23
MinimumVisualStudioVersion = 10.0.40219.1
Project("{FAE04EC0-301F-11D3-BF4B-00C04F79EFBC}") = "TaskApp2", "TaskApp2\TaskApp2.csproj", "{A355E2C0-5FC2-444A-8CDE-E58C11BDD2DF}"
EndProject
Global
	GlobalSection(SolutionConfigurationPlatforms) = preSolution
		Debug|Any CPU = Debug|Any CPU
		Release|Any CPU = Release|Any CPU
	EndGlobalSection
	GlobalSection(ProjectConfigurationPlatforms) = postSolution
		{A355E2C0-5FC2-444A-8CDE-E58C11BDD2DF}.Debug|Any CPU.ActiveCfg = Debug|Any CPU
		{A355E2C0-5FC2-444A-8CDE-E58C11BDD2DF}.Debug|Any CPU.Build.0 = Debug|Any CPU
		{A355E2C0-5FC2-444A-8CDE-E58C11BDD2DF}.Release|Any CPU.ActiveCfg = Release|Any CPU
		{A355E2C0-5FC2-444A-8CDE-E58C11BDD2DF}.Release|Any CPU.Build.0 = Release|Any CPU
	EndGlobalSection
	GlobalSection(SolutionProperties) = preSolution
		HideSolutionNode = FALSE
	EndGlobalSection
	GlobalSection(ExtensibilityGlobals) = postSolution
		SolutionGuid = {355BCA87-9CBF-4CC5-843E-8EF1904DB990}
	EndGlobalSection
EndGlobal
